
Microsoft Visual Studio Solution File, Format Version 12.00
# Visual Studio 15
VisualStudioVersion = 15.0.26124.0
MinimumVisualStudioVersion = 15.0.26124.0
Project("{FAE04EC0-301F-11D3-BF4B-00C04F79EFBC}") = "SkyViewC3DB", "SkyViewC3DB\SkyViewC3DB.csproj", "{228B0EFD-5C56-4E27-90D6-1F4516B56856}"
EndProject
Project("{FAE04EC0-301F-11D3-BF4B-00C04F79EFBC}") = "SkyViewC3DB.Tests", "SkyViewC3DB.Tests\SkyViewC3DB.Tests.csproj", "{E0368F50-A125-45EB-9520-76E3BBF795E5}"
EndProject
Project("{FAE04EC0-301F-11D3-BF4B-00C04F79EFBC}") = "SkyViewC3Worker", "SkyViewC3Worker\SkyViewC3Worker.csproj", "{2A6FD6D4-95F0-49ED-B157-E5A64A985505}"
EndProject
Global
	GlobalSection(SolutionConfigurationPlatforms) = preSolution
		Debug|Any CPU = Debug|Any CPU
		Debug|x64 = Debug|x64
		Debug|x86 = Debug|x86
		Release|Any CPU = Release|Any CPU
		Release|x64 = Release|x64
		Release|x86 = Release|x86
	EndGlobalSection
	GlobalSection(SolutionProperties) = preSolution
		HideSolutionNode = FALSE
	EndGlobalSection
	GlobalSection(ProjectConfigurationPlatforms) = postSolution
		{228B0EFD-5C56-4E27-90D6-1F4516B56856}.Debug|Any CPU.ActiveCfg = Debug|Any CPU
		{228B0EFD-5C56-4E27-90D6-1F4516B56856}.Debug|Any CPU.Build.0 = Debug|Any CPU
		{228B0EFD-5C56-4E27-90D6-1F4516B56856}.Debug|x64.ActiveCfg = Debug|Any CPU
		{228B0EFD-5C56-4E27-90D6-1F4516B56856}.Debug|x64.Build.0 = Debug|Any CPU
		{228B0EFD-5C56-4E27-90D6-1F4516B56856}.Debug|x86.ActiveCfg = Debug|Any CPU
		{228B0EFD-5C56-4E27-90D6-1F4516B56856}.Debug|x86.Build.0 = Debug|Any CPU
		{228B0EFD-5C56-4E27-90D6-1F4516B56856}.Release|Any CPU.ActiveCfg = Release|Any CPU
		{228B0EFD-5C56-4E27-90D6-1F4516B56856}.Release|Any CPU.Build.0 = Release|Any CPU
		{228B0EFD-5C56-4E27-90D6-1F4516B56856}.Release|x64.ActiveCfg = Release|Any CPU
		{228B0EFD-5C56-4E27-90D6-1F4516B56856}.Release|x64.Build.0 = Release|Any CPU
		{228B0EFD-5C56-4E27-90D6-1F4516B56856}.Release|x86.ActiveCfg = Release|Any CPU
		{228B0EFD-5C56-4E27-90D6-1F4516B56856}.Release|x86.Build.0 = Release|Any CPU
		{E0368F50-A125-45EB-9520-76E3BBF795E5}.Debug|Any CPU.ActiveCfg = Debug|Any CPU
		{E0368F50-A125-45EB-9520-76E3BBF795E5}.Debug|Any CPU.Build.0 = Debug|Any CPU
		{E0368F50-A125-45EB-9520-76E3BBF795E5}.Debug|x64.ActiveCfg = Debug|Any CPU
		{E0368F50-A125-45EB-9520-76E3BBF795E5}.Debug|x64.Build.0 = Debug|Any CPU
		{E0368F50-A125-45EB-9520-76E3BBF795E5}.Debug|x86.ActiveCfg = Debug|Any CPU
		{E0368F50-A125-45EB-9520-76E3BBF795E5}.Debug|x86.Build.0 = Debug|Any CPU
		{E0368F50-A125-45EB-9520-76E3BBF795E5}.Release|Any CPU.ActiveCfg = Release|Any CPU
		{E0368F50-A125-45EB-9520-76E3BBF795E5}.Release|Any CPU.Build.0 = Release|Any CPU
		{E0368F50-A125-45EB-9520-76E3BBF795E5}.Release|x64.ActiveCfg = Release|Any CPU
		{E0368F50-A125-45EB-9520-76E3BBF795E5}.Release|x64.Build.0 = Release|Any CPU
		{E0368F50-A125-45EB-9520-76E3BBF795E5}.Release|x86.ActiveCfg = Release|Any CPU
		{E0368F50-A125-45EB-9520-76E3BBF795E5}.Release|x86.Build.0 = Release|Any CPU
		{2A6FD6D4-95F0-49ED-B157-E5A64A985505}.Debug|Any CPU.ActiveCfg = Debug|Any CPU
		{2A6FD6D4-95F0-49ED-B157-E5A64A985505}.Debug|Any CPU.Build.0 = Debug|Any CPU
		{2A6FD6D4-95F0-49ED-B157-E5A64A985505}.Debug|x64.ActiveCfg = Debug|Any CPU
		{2A6FD6D4-95F0-49ED-B157-E5A64A985505}.Debug|x64.Build.0 = Debug|Any CPU
		{2A6FD6D4-95F0-49ED-B157-E5A64A985505}.Debug|x86.ActiveCfg = Debug|Any CPU
		{2A6FD6D4-95F0-49ED-B157-E5A64A985505}.Debug|x86.Build.0 = Debug|Any CPU
		{2A6FD6D4-95F0-49ED-B157-E5A64A985505}.Release|Any CPU.ActiveCfg = Release|Any CPU
		{2A6FD6D4-95F0-49ED-B157-E5A64A985505}.Release|Any CPU.Build.0 = Release|Any CPU
		{2A6FD6D4-95F0-49ED-B157-E5A64A985505}.Release|x64.ActiveCfg = Release|Any CPU
		{2A6FD6D4-95F0-49ED-B157-E5A64A985505}.Release|x64.Build.0 = Release|Any CPU
		{2A6FD6D4-95F0-49ED-B157-E5A64A985505}.Release|x86.ActiveCfg = Release|Any CPU
		{2A6FD6D4-95F0-49ED-B157-E5A64A985505}.Release|x86.Build.0 = Release|Any CPU
	EndGlobalSection
EndGlobal
